
Microsoft Visual Studio Solution File, Format Version 12.00
# Visual Studio Version 17
VisualStudioVersion = 17.1.32228.430
MinimumVisualStudioVersion = 10.0.40219.1
Project("{FAE04EC0-301F-11D3-BF4B-00C04F79EFBC}") = "Lab1", "Lab1\Lab1.csproj", "{BB69738C-9072-460E-A10A-AF37D57695D3}"
EndProject
Global
	GlobalSection(SolutionConfigurationPlatforms) = preSolution
		Debug|Any CPU = Debug|Any CPU
		Release|Any CPU = Release|Any CPU
	EndGlobalSection
	GlobalSection(ProjectConfigurationPlatforms) = postSolution
		{BB69738C-9072-460E-A10A-AF37D57695D3}.Debug|Any CPU.ActiveCfg = Debug|Any CPU
		{BB69738C-9072-460E-A10A-AF37D57695D3}.Debug|Any CPU.Build.0 = Debug|Any CPU
		{BB69738C-9072-460E-A10A-AF37D57695D3}.Release|Any CPU.ActiveCfg = Release|Any CPU
		{BB69738C-9072-460E-A10A-AF37D57695D3}.Release|Any CPU.Build.0 = Release|Any CPU
	EndGlobalSection
	GlobalSection(SolutionProperties) = preSolution
		HideSolutionNode = FALSE
	EndGlobalSection
	GlobalSection(ExtensibilityGlobals) = postSolution
		SolutionGuid = {BAB20DD1-3ECE-4828-A287-BC18DB8EC397}
	EndGlobalSection
EndGlobal
